
Microsoft Visual Studio Solution File, Format Version 12.00
# Visual Studio Version 17
VisualStudioVersion = 17.5.002.0
MinimumVisualStudioVersion = 10.0.40219.1
Project("{2150E333-8FDC-42A3-9474-1A3956D46DE8}") = "test", "test", "{658B52A1-C5F7-4B7E-944F-053941594B2F}"
EndProject
Project("{2150E333-8FDC-42A3-9474-1A3956D46DE8}") = "NuGet", "NuGet", "{3B3BB3E9-0869-4F9B-A4C5-C19DF124C9D2}"
EndProject
Project("{9A19103F-16F7-4668-BE54-9A1E7A4F7556}") = "test", "test\NuGet\testdata\test.csproj", "{EE31BA60-2E5B-4CF6-BD30-1EABD73BB0B6}"
EndProject
Global
	GlobalSection(SolutionConfigurationPlatforms) = preSolution
		Debug|Any CPU = Debug|Any CPU
		Release|Any CPU = Release|Any CPU
	EndGlobalSection
	GlobalSection(ProjectConfigurationPlatforms) = postSolution
		{EE31BA60-2E5B-4CF6-BD30-1EABD73BB0B6}.Debug|Any CPU.ActiveCfg = Debug|Any CPU
		{EE31BA60-2E5B-4CF6-BD30-1EABD73BB0B6}.Debug|Any CPU.Build.0 = Debug|Any CPU
		{EE31BA60-2E5B-4CF6-BD30-1EABD73BB0B6}.Release|Any CPU.ActiveCfg = Release|Any CPU
		{EE31BA60-2E5B-4CF6-BD30-1EABD73BB0B6}.Release|Any CPU.Build.0 = Release|Any CPU
	EndGlobalSection
	GlobalSection(SolutionProperties) = preSolution
		HideSolutionNode = FALSE
	EndGlobalSection
	GlobalSection(NestedProjects) = preSolution
		{3B3BB3E9-0869-4F9B-A4C5-C19DF124C9D2} = {658B52A1-C5F7-4B7E-944F-053941594B2F}
		{EE31BA60-2E5B-4CF6-BD30-1EABD73BB0B6} = {3B3BB3E9-0869-4F9B-A4C5-C19DF124C9D2}
	EndGlobalSection
	GlobalSection(ExtensibilityGlobals) = postSolution
		SolutionGuid = {FACD6BBC-C0EA-4521-9831-30EB13595A84}
	EndGlobalSection
EndGlobal
