
Microsoft Visual Studio Solution File, Format Version 12.00
# Visual Studio Version 17
VisualStudioVersion = 17.5.002.0
MinimumVisualStudioVersion = 10.0.40219.1
Project("{2150E333-8FDC-42A3-9474-1A3956D46DE8}") = "test", "test", "{244256BB-153D-42A9-82E5-8EBF4EEF9B74}"
EndProject
Project("{2150E333-8FDC-42A3-9474-1A3956D46DE8}") = "NuGet", "NuGet", "{64F8B514-70B4-4678-8F25-E754D06739D4}"
EndProject
Project("{9A19103F-16F7-4668-BE54-9A1E7A4F7556}") = "test", "test\NuGet\testdata\test.csproj", "{F43826D5-A06E-4560-820C-4DC7BD3A9463}"
EndProject
Global
	GlobalSection(SolutionConfigurationPlatforms) = preSolution
		Debug|Any CPU = Debug|Any CPU
		Release|Any CPU = Release|Any CPU
	EndGlobalSection
	GlobalSection(ProjectConfigurationPlatforms) = postSolution
		{F43826D5-A06E-4560-820C-4DC7BD3A9463}.Debug|Any CPU.ActiveCfg = Debug|Any CPU
		{F43826D5-A06E-4560-820C-4DC7BD3A9463}.Debug|Any CPU.Build.0 = Debug|Any CPU
		{F43826D5-A06E-4560-820C-4DC7BD3A9463}.Release|Any CPU.ActiveCfg = Release|Any CPU
		{F43826D5-A06E-4560-820C-4DC7BD3A9463}.Release|Any CPU.Build.0 = Release|Any CPU
	EndGlobalSection
	GlobalSection(SolutionProperties) = preSolution
		HideSolutionNode = FALSE
	EndGlobalSection
	GlobalSection(NestedProjects) = preSolution
		{64F8B514-70B4-4678-8F25-E754D06739D4} = {244256BB-153D-42A9-82E5-8EBF4EEF9B74}
		{F43826D5-A06E-4560-820C-4DC7BD3A9463} = {64F8B514-70B4-4678-8F25-E754D06739D4}
	EndGlobalSection
	GlobalSection(ExtensibilityGlobals) = postSolution
		SolutionGuid = {55DF5970-7CD9-4C80-A4C0-A464B12755DE}
	EndGlobalSection
EndGlobal
