{
    "_meta": {
        "hash": {
            "sha256": "8d14434df45e0ef884d6c3f6e8048ba72335637a8631cc44792f52fd20b6f97a"
        },
        "pipfile-spec": 5,
        "sources": [
            {
                "name": "package-index",
                "url": "https://my-package-index/",
                "verify_ssl": true
            }
        ]
    },
    "default": {
        "pkgTwo": {
            "hashes": [
                "sha256:fc323ffcaeaed0e0a02bf4d117757b98aed530d9ed4531e3e15460124c106691",
                "sha256:84ab92ed1c4d4f16916e05906b6b75a6c0fb5db821cc65e70cbd64a3e2a5eaae"
            ],
            "index": "package-index",
            "version": "==2.0.0"
        },
        "pkgThree": {
            "hashes": [
                "sha256:fc323ffcaeaed0e0a02bf4d117757b98aed530d9ed4531e3e15460124c106691",
                "sha256:84ab92ed1c4d4f16916e05906b6b75a6c0fb5db821cc65e70cbd64a3e2a5eaae"
            ],
            "version": "==3.0.0"
        },
        "pkgFour": {
            "hashes": [
                "sha256:2ccb79b01769d99115aa600d7eed99f524bf752bba8f041dc1c184853514655a",
                "sha256:0f2d585d22050e90c7d293b6451c83db097df77871974d90efd5a30dc12fcde3"
            ]
        }
    },
    "develop": {
        "pkgOne": {
            "hashes": [
                "sha256:54a07c09c586b0e4c619f02a5e94e36619da8e2b053e20f594348c0611803704",
                "sha256:40523d2efb60523e113b44602298f0960e900388cf3bb6043f645cf57ea9e3f5"
            ],
            "version": "==1.0.0"
        }
    }
}