{
  "pins" : [
    {
      "identity" : "iqkeyboardmanager",
      "kind" : "remoteSourceControl",
      "location" : "https://github.com/hackiftekhar/IQKeyboardManager.git",
      "state" : {
        "branch" : "master",
        "revision" : "9ab144a1a6c6ae8dad25840610c072709b15d8b5"
      }
    },
    {
      "identity" : "popupview",
      "kind" : "remoteSourceControl",
      "location" : "https://github.com/exyte/PopupView.git",
      "state" : {
        "revision" : "521b2ddc2ae8160f2816e03fa1f7be0937db8fff",
        "version" : "1.1.1"
      }
    },
    {
      "identity" : "realm-core",
      "kind" : "remoteSourceControl",
      "location" : "https://github.com/realm/realm-core",
      "state" : {
        "revision" : "d97eed3ae7dff2f2e2ffbda83fa8f3b8c445c6ba",
        "version" : "11.17.0"
      }
    },
    {
      "identity" : "realm-swift",
      "kind" : "remoteSourceControl",
      "location" : "https://github.com/realm/realm-swift.git",
      "state" : {
        "revision" : "7f123e48ec12926bb5080e449df360127ee0352d",
        "version" : "10.26.0"
      }
    }
  ],
  "version" : 2
}
