CONTENT: NONE
NUGET
  remote: https://www.nuget.org/api/v2
    Argu (5.1)
      FSharp.Core (>= 4.0.0.1) - restriction: >= net45
      FSharp.Core (>= 4.3.2) - restriction: && (< net45) (>= netstandard2.0)
      System.Configuration.ConfigurationManager (>= 4.4) - restriction: && (< net45) (>= netstandard2.0)
    Castle.Core (4.1.1) - restriction: || (>= net45) (>= netstandard1.3)
      NETStandard.Library (>= 1.6.1) - restriction: && (< net35) (>= netstandard1.3)
      System.Collections.Specialized (>= 4.3) - restriction: && (< net35) (>= netstandard1.3)
    FsCheck (2.9)
      FSharp.Core (>= 4.1) - restriction: < netstandard1.6
      FSharp.Core (>= 4.1.17) - restriction: >= netstandard1.6
    FSharp.Compiler.Tools (4.1.23)
GITHUB
  remote: fsharp/FAKE
    src/app/FakeLib/Globbing/Globbing.fs (0341a2e614eb2a7f34607cec914eb0ed83ce9add)
  remote: fsprojects/FSharp.TypeProviders.SDK
    src/AssemblyReader.fs (dc5ac01a1ac288eceb1fd6f12a5d388236f4f8e5)
  remote: forki/FsUnit
    FsUnit.fs (fa4eb37288d355eb855261be6c0b3945fba68432)
GROUP Build
CONTENT: NONE
RESTRICTION: >= net461
NUGET
  remote: https://www.nuget.org/api/v2
    FSharp.Compiler.Service (17.0.1)
      System.Collections.Immutable (>= 1.3.1)
      System.Reflection.Metadata (>= 1.4.2)
    ILRepack (2.0.15)
    NETStandard.Library (2.0) - restriction: && (>= net461) (< netstandard2.0)
      Microsoft.NETCore.Platforms (>= 1.1)
    Octokit (0.29)
  remote: https://ci.appveyor.com/nuget/fsharp-formatting
    FSharp.Formatting (3.0.0-beta09)
      FSharp.Compiler.Service (>= 17.0.1 < 18.0)
      Microsoft.AspNet.Razor (>= 3.2.3 < 4.0)
GITHUB
  remote: fsharp/FAKE
    modules/Octokit/Octokit.fsx (96f1594fd50ced6c1aa45d7cf74fb6c067d08ac1)
      Octokit (>= 0.20)
GROUP NetCoreCliTools
STORAGE: NONE
NUGET
  remote: https://www.nuget.org/api/v2
    dotnet-mergenupkg (2.3.1) - clitool: true
      FSharp.Core (>= 4.3.4) - restriction: >= netcoreapp1.0
      Microsoft.NETCore.App (>= 2.0) - restriction: >= netcoreapp2.0
    FSharp.Core (4.5.2) - restriction: >= netcoreapp1.0
      System.Collections (>= 4.0.11) - restriction: && (< net45) (>= netstandard1.6) (< netstandard2.0)
      Microsoft.NETCore.Platforms (>= 1.0.1) - restriction: >= netstandard1.0

GROUP NetCoreTools
STORAGE: NONE
NUGET
  remote: https://www.nuget.org/api/v2
    Microsoft.Build.Framework (15.3.409) - restriction: >= netstandard1.4
      System.Collections (>= 4.0.11) - restriction: >= netstandard1.3
      System.Diagnostics.Debug (>= 4.0.11) - restriction: >= netstandard1.3
