# One good package alongside three entries the parser cannot make sense of:
# an entry keyed on neither `conda:` nor `pypi:`, a conda artifact URL with no
# parseable filename, and a pypi registry entry with no `name:`. None of them
# may cost anything beyond themselves.
version: 6
environments:
  default:
    channels:
    - url: https://conda.anaconda.org/conda-forge/
    packages:
      linux-64:
      - conda: https://conda.anaconda.org/conda-forge/linux-64/zlib-1.3.1-hb9d3cd8_2.conda
      - conda: https://example.invalid/nonsense
      - pypi: https://files.pythonhosted.org/packages/ab/cd/anonymous-1.0.0-py3-none-any.whl
packages:
- conda: https://conda.anaconda.org/conda-forge/linux-64/zlib-1.3.1-hb9d3cd8_2.conda
  sha256: 5d7c0e5f0005f74112a34a7425179f4eb6e73c92f5d109e6af4ddeca407c92ab
  md5: c9f075ab2f33b3bbee9e62d4ad0a6cd8
  license: Zlib
  purls: []
  size: 92286
  timestamp: 1727963153079
- conda: https://example.invalid/nonsense
  license: Unknown
  size: 1
- pypi: https://files.pythonhosted.org/packages/ab/cd/anonymous-1.0.0-py3-none-any.whl
  sha256: 0000000000000000000000000000000000000000000000000000000000000000
- some-future-ecosystem: https://example.invalid/from-a-newer-pixi
  name: not-yet-supported
  version: 1.0.0
