# Trimmed from pixi's own v7 lockfile (prefix-dev/pixi). v7 keeps v6's
# `packages` shape and adds a top-level `platforms` block, which carries no
# dependency information — the point of this fixture is that its presence
# does not change the result.
version: 7
platforms:
- linux-64
- osx-arm64
environments:
  default:
    channels:
    - url: https://prefix.dev/conda-forge/
    indexes:
    - https://pypi.org/simple
    packages:
      linux-64:
      - conda: https://prefix.dev/conda-forge/linux-64/_openmp_mutex-4.5-20_gnu.conda
      - conda: https://prefix.dev/conda-forge/linux-64/actionlint-1.7.12-h8bc977c_0.conda
      - pypi: git+https://github.com/squidfunk/mike#2d4ad799442f4592db8ad53b179bfb33db8c69ac
packages:
- conda: https://prefix.dev/conda-forge/linux-64/_openmp_mutex-4.5-20_gnu.conda
  build_number: 20
  sha256: 1dd3fffd892081df9726d7eb7e0dea6198962ba775bd88842135a4ddb4deb3c9
  md5: a9f577daf3de00bca7c3c76c0ecbd1de
  depends:
  - __glibc >=2.17,<3.0.a0
  - libgomp >=7.5.0
  constrains:
  - openmp_impl <0.0a0
  license: BSD-3-Clause
  license_family: BSD
  purls: []
  size: 28948
  timestamp: 1770939786096
- conda: https://prefix.dev/conda-forge/linux-64/actionlint-1.7.12-h8bc977c_0.conda
  sha256: 1fff5ee0d83045ef90104ca83f52b4c44feb4ab2036fc7903fe9733f50721209
  md5: bab393750db08f50eebaf96f50d18734
  depends:
  - libgcc >=14
  license: MIT
  purls: []
  size: 2404567
  timestamp: 1770939786096
- pypi: git+https://github.com/squidfunk/mike#2d4ad799442f4592db8ad53b179bfb33db8c69ac
  name: mike
  version: 2.2.0+zensical.0.1.0
  requires_dist:
  - jinja2>=2.7
  - pyparsing>=3.0
