{
  "object": {
    "pins": [
      {
        "package": "grpc-swift",
        "repositoryURL": "https://github.com/grpc/grpc-swift.git",
        "state": {
          "branch": null,
          "revision": "9e464a75079928366aa7041769a271fac89271bf",
          "version": "1.0.0"
        }
      },
      {
        "package": "Opentracing",
        "repositoryURL": "https://github.com/undefinedlabs/opentracing-objc",
        "state": {
          "branch": "master",
          "revision": null,
          "version": null
        }
      },
      {
        "package": "Reachability",
        "repositoryURL": "https://github.com/ashleymills/Reachability.swift",
        "state": {
          "branch": null,
          "revision": null,
          "version": "5.1.0"
        }
      }
    ]
  },
  "version": 1
}
