{
  "requires": true,
  "lockfileVersion": 1,
  "dependencies": {
    "a": {
      "version": "6.26.0",
      "requires": {
        "b": "^6.26.0",
        "c": "^2.5.0",
        "d": "^0.10.5"
      }
    },
    "b": {
      "version": "6.26.0",
      "requires": {
        "c": "^2.4.0",
        "e": "^0.11.0"
      },
      "dependencies": {
        "e": {
          "version": "0.11.1"
        }
      }
    },
    "c": {
      "version": "2.5.7"
    },
    "d": {
      "version": "0.10.5"
    }
  }
}
