# This file is automatically @generated by Cargo.
# It is not intended for manual editing.
[[package]]
name = "one"
version = "1.0.0"
source = "registry+https://github.com/rust-lang/crates.io-index"
dependencies = [
 "three 3.0.0 (registry+https://github.com/rust-lang/crates.io-index)",
]

[[package]]
name = "two"
version = "2.0.0"
source = "registry+https://github.com/rust-lang/crates.io-index"
dependencies = [
 "three 3.0.0 (registry+https://github.com/rust-lang/crates.io-index)",
 "five 5.0.0 (registry+https://github.com/rust-lang/crates.io-index)",
]

[[package]]
name = "three"
version = "3.0.0"
source = "registry+https://github.com/rust-lang/crates.io-index"
dependencies = [
 "four 4.0.0 (registry+https://github.com/rust-lang/crates.io-index)",
]

[[package]]
name = "four"
version = "4.0.0"
source = "registry+https://github.com/rust-lang/crates.io-index"

[[package]]
name = "five"
version = "5.0.0"
source = "registry+https://github.com/rust-lang/crates.io-index"