hash: f696cc80c5783a1c8a91e18e2b1b82de7a05bdbb10d6ee2be8b3b7368ab232cc
updated: 2018-02-13T16:39:08.65505427-08:00
imports:
- name: github.com/appc/spec
  version: cbe99b7160b1397bf89f9c8bb1418f69c9424049
  subpackages:
  - ace
  - aci
  - actool
  - discovery
  - pkg/acirenderer
  - pkg/device
  - pkg/tarheader
  - schema
  - schema/common
  - schema/lastditch
  - schema/types
  - schema/types/resource
- name: github.com/containernetworking/cni
  version: 5c3c17164270150467498a32c71436c7cd5501be
  subpackages:
  - pkg/invoke
  - pkg/ip
  - pkg/ipam
  - pkg/ns
  - pkg/skel
  - pkg/testutils
  - pkg/types
  - pkg/utils
  - pkg/utils/hwaddr
  - pkg/utils/sysctl
  - plugins/ipam/dhcp
  - plugins/ipam/host-local
  - plugins/ipam/host-local/backend
  - plugins/ipam/host-local/backend/disk
  - plugins/main/bridge
  - plugins/main/ipvlan
  - plugins/main/macvlan
  - plugins/main/ptp
  - plugins/meta/flannel
  - plugins/meta/tuning
- name: github.com/coreos/go-iptables
  version: fbb73372b87f6e89951c2b6b31470c2c9d5cfae3
  subpackages:
  - iptables
- name: github.com/coreos/go-semver
  version: 294930c1e79c64e7dbe360054274fdad492c8cf5
  subpackages:
  - semver
- name: github.com/hashicorp/errwrap
  version: 7554cd9344cec97297fa6649b055a8c98c2a1e55
- name: github.com/rkt/rkt
  version: 6de500a70706403c8c611d80491aea64019141b0
  subpackages:
  - common
  - common/networking
  - networking
  - networking/netinfo
  - networking/tuntap
  - pkg/fileutil
  - pkg/fs
  - pkg/group
  - pkg/log
  - pkg/mountinfo
  - pkg/passwd
  - pkg/user
- name: github.com/spf13/pflag
  version: 08b1a584251b5b62f458943640fc8ebd4d50aaa5
- name: github.com/vishvananda/netlink
  version: ecf47fd5739b3d2c3daf7c89c4b9715a2605c21b
  subpackages:
  - nl
- name: go4.org
  version: 03efcb870d84809319ea509714dd6d19a1498483
  subpackages:
  - errorutil
- name: golang.org/x/sys
  version: b44883b474ffefa37335017174e397412b633a4f
  subpackages:
  - unix
- name: gopkg.in/inf.v0
  version: 3887ee99ecf07df5b447e9b00d9c0b2adaa9f3e4
testImports: []
