# Generated by pub
# See https://dart.dev/tools/pub/glossary#lockfile
packages:

  # hosted source
  pkg_hosted:
    dependency: transitive
    description:
      name: pkg_hosted
      url: "https://pub.dartlang.org"
    source: hosted
    version: "1.1"

  # git source
  pkg_git:
    dependency: transitive
    description:
      path: "."
      ref: "release-0.9"
      resolved-ref: "6af9eab77cf8d777b35c349b75a9c345de967ed4"
      url: "https://github.com/user/pkg"
    source: hosted
    version: "1.2"

  # sdk source
  pkg_sdk:
    dependency: transitive
    description: flutter
    source: sdk
    version: "1.3"

  # file source
  pkg_file:
    dependency: transitive
    description:
      path: "/Users/dir/pkg_dir"
      relative: false
    source: path
    version: "1.4"

  # direct dependency
  pkg_hosted_direct:
    dependency: "direct main"
    description:
      name: pkg_hosted_direct
      url: "https://pub.dartlang.org"
    source: hosted
    version: "1.5"

  # direct development dependency
  pkg_hosted_direct_dev:
    dependency: "direct dev"
    description:
      name: pkg_hosted_direct_dev
      url: "https://pub.dartlang.org"
    source: hosted
    version: "1.6"

sdks:
  dart: ">=2.12.0 <3.0.0"
  flutter: ">=1.16.0"