{
  "requires": true,
  "lockfileVersion": 1,
  "dependencies": {
    "a": {
      "version": "1.0.0",
      "requires": {
        "b": "^2.0.0",
        "c": "^3.0.0",
        "d": "^4.0.0"
      }
    },
    "b": {
      "version": "2.0.0",
      "requires": {
        "c": "^3.0.0"
      }
    },
    "c": {
      "version": "3.0.0"
    },
    "d": {
      "version": "4.0.0"
    }
  }
}
