# This file is automatically @generated by Poetry 2.1.3 and should not be changed by hand.

[[package]]
name = "private-lib"
version = "2.0.10"
description = "Private library"
optional = false
python-versions = ">=3.9"
groups = ["main"]
files = []

[package.source]
type = "legacy"
url = "https://pypi.example.com/simple"
reference = "private"

[[package]]
name = "private-tool"
version = "0.3.0"
description = "Private tool"
optional = false
python-versions = ">=3.9"
groups = ["main"]
files = []

[package.source]
type = "legacy"
url = "https://pypi.example.com/simple"
reference = "private"

[[package]]
name = "requests"
version = "2.32.3"
description = "Python HTTP for Humans."
optional = false
python-versions = ">=3.8"
groups = ["main"]
files = []

[metadata]
lock-version = "2.1"
python-versions = ">=3.9"
content-hash = "0000000000000000000000000000000000000000000000000000000000000000"
