# Sourced from git repository

[[package]]
category = "some_other_category"
description = "some package with git source"
name = "pkgWithGitSource"
optional = false
python-versions = "*"
version = "5.22.0.post0"

[package.source]
reference = "v1.1.1"
resolved_reference = "598ac"
type = "git"
url = "https://github.com/someUser/pkgWithGitSource.git"

# Sourced from local directory

[[package]]
category = "main"
description = "some package two"
name = "pkgSourcedFromFile"
optional = false
python-versions = "*"
version = "1.21.0"

[package.source]
type = "file"
url = "pkgTwo-1.21.0.tar.gz"

# Sourced from url

[[package]]
description = "some package three"
name = "pkgSourcedFromUrl"
optional = false
python-versions = "*"
version = "3.92.1"

[package.source]
type = "url"
url = "https://some-url.com/some-dir/pkgThree-3.92.1.tar.gz"

[[package]]
description = "some package one"
name = "pkgOne"
optional = false
python-versions = ">=3.7"
version = "1.21.0"

[package.dependencies]
pkgOneChildofOne = "*"
pkgThreeChildofOne = [
  {version = ">=1.0,<2.0", markers = "platform_system != \"Windows\""},
  {version = ">=1.6,<2.0", markers = "platform_system == \"Windows\""},
]
pkgTwoChildofOne = {version = "5.4", markers = "extra == \"idna2008\""}

# Resolved dependencies of pkgOne

[[package]]
description = "description of pkgOneChildofOne"
name = "pkgOneChildofOne"
optional = false
python-versions = "*"
version = "11.4"

[[package]]
description = "description of pkgTwoChildofOne"
name = "pkgTwoChildofOne"
optional = false
python-versions = "*"
version = "5.4"

[[package]]
description = "description of pkgThreeChildofOne"
name = "pkgThreeChildofOne"
optional = false
python-versions = "*"
version = "1.6.1"

[[package]]
description = "A small example package"
name = "myprivatepkg"
optional = false
python-versions = ">=3.6"
version = "0.0.1"

[package.source]
reference = 'gitlab'
type = "legacy"
url = "https://gitlab.com/api/v4/projects/packages/pypi/simple"

[metadata]
content-hash = "cf14fd7e0a1a1c6c5a1ee9afe16d0abaaac531ab9d84ad3d1d5276634aa35687"
lock-version = "1.1"
python-versions = "^3.8"
